// !$*UTF8*$!
{
	archiveVersion = 1;
	classes = {
	};
	objectVersion = 56;
	objects = {

/* Begin PBXBuildFile section */
		994FBBDA2A7FE62700B7FD4B /* AppDelegate.swift in Sources */ = {isa = PBXBuildFile; fileRef = 994FBBD92A7FE62700B7FD4B /* AppDelegate.swift */; };
		994FBBDC2A7FE62700B7FD4B /* SceneDelegate.swift in Sources */ = {isa = PBXBuildFile; fileRef = 994FBBDB2A7FE62700B7FD4B /* SceneDelegate.swift */; };
		994FBBE32A7FE62800B7FD4B /* Assets.xcassets in Resources */ = {isa = PBXBuildFile; fileRef = 994FBBE22A7FE62800B7FD4B /* Assets.xcassets */; };
		994FBBE62A7FE62800B7FD4B /* LaunchScreen.storyboard in Resources */ = {isa = PBXBuildFile; fileRef = 994FBBE42A7FE62800B7FD4B /* LaunchScreen.storyboard */; };
		994FBBF12A7FE62800B7FD4B /* RickAndMortyTests.swift in Sources */ = {isa = PBXBuildFile; fileRef = 994FBBF02A7FE62800B7FD4B /* RickAndMortyTests.swift */; };
		994FBBFB2A7FE62800B7FD4B /* RickAndMortyUITests.swift in Sources */ = {isa = PBXBuildFile; fileRef = 994FBBFA2A7FE62800B7FD4B /* RickAndMortyUITests.swift */; };
		994FBBFD2A7FE62800B7FD4B /* RickAndMortyUITestsLaunchTests.swift in Sources */ = {isa = PBXBuildFile; fileRef = 994FBBFC2A7FE62800B7FD4B /* RickAndMortyUITestsLaunchTests.swift */; };
		994FBC122A80DE4300B7FD4B /* RMLocation.swift in Sources */ = {isa = PBXBuildFile; fileRef = 994FBC112A80DE4300B7FD4B /* RMLocation.swift */; };
		994FBC142A80DE9100B7FD4B /* RMCharacter.swift in Sources */ = {isa = PBXBuildFile; fileRef = 994FBC132A80DE9100B7FD4B /* RMCharacter.swift */; };
		994FBC162A80DEA900B7FD4B /* RMEpisode.swift in Sources */ = {isa = PBXBuildFile; fileRef = 994FBC152A80DEA900B7FD4B /* RMEpisode.swift */; };
		999984882A84FCBF002B3389 /* RMSettingsViewController.swift in Sources */ = {isa = PBXBuildFile; fileRef = 999984872A84FCBF002B3389 /* RMSettingsViewController.swift */; };
		99AC51FC2A84FB790026E845 /* RMCharacterViewController.swift in Sources */ = {isa = PBXBuildFile; fileRef = 99AC51FB2A84FB790026E845 /* RMCharacterViewController.swift */; };
		99AC51FE2A84FB8B0026E845 /* RMLocationViewController.swift in Sources */ = {isa = PBXBuildFile; fileRef = 99AC51FD2A84FB8B0026E845 /* RMLocationViewController.swift */; };
		99B7C2CD2A84FE7200E60417 /* RMEpisodeViewController.swift in Sources */ = {isa = PBXBuildFile; fileRef = 99B7C2CC2A84FE7200E60417 /* RMEpisodeViewController.swift */; };
		99B7C2CF2A84FEF400E60417 /* RMTabBarController.swift in Sources */ = {isa = PBXBuildFile; fileRef = 99B7C2CE2A84FEF400E60417 /* RMTabBarController.swift */; };
		99B7C2D12A850FF000E60417 /* RMService.swift in Sources */ = {isa = PBXBuildFile; fileRef = 99B7C2D02A850FF000E60417 /* RMService.swift */; };
		99B7C2D32A85100F00E60417 /* RMRequest.swift in Sources */ = {isa = PBXBuildFile; fileRef = 99B7C2D22A85100F00E60417 /* RMRequest.swift */; };
		99B7C2D52A85114200E60417 /* RMEndpoint.swift in Sources */ = {isa = PBXBuildFile; fileRef = 99B7C2D42A85114200E60417 /* RMEndpoint.swift */; };
/* End PBXBuildFile section */

/* Begin PBXContainerItemProxy section */
		994FBBED2A7FE62800B7FD4B /* PBXContainerItemProxy */ = {
			isa = PBXContainerItemProxy;
			containerPortal = 994FBBCE2A7FE62700B7FD4B /* Project object */;
			proxyType = 1;
			remoteGlobalIDString = 994FBBD52A7FE62700B7FD4B;
			remoteInfo = RickAndMorty;
		};
		994FBBF72A7FE62800B7FD4B /* PBXContainerItemProxy */ = {
			isa = PBXContainerItemProxy;
			containerPortal = 994FBBCE2A7FE62700B7FD4B /* Project object */;
			proxyType = 1;
			remoteGlobalIDString = 994FBBD52A7FE62700B7FD4B;
			remoteInfo = RickAndMorty;
		};
/* End PBXContainerItemProxy section */

/* Begin PBXFileReference section */
		994FBBD62A7FE62700B7FD4B /* RickAndMorty.app */ = {isa = PBXFileReference; explicitFileType = wrapper.application; includeInIndex = 0; path = RickAndMorty.app; sourceTree = BUILT_PRODUCTS_DIR; };
		994FBBD92A7FE62700B7FD4B /* AppDelegate.swift */ = {isa = PBXFileReference; lastKnownFileType = sourcecode.swift; path = AppDelegate.swift; sourceTree = "<group>"; };
		994FBBDB2A7FE62700B7FD4B /* SceneDelegate.swift */ = {isa = PBXFileReference; lastKnownFileType = sourcecode.swift; path = SceneDelegate.swift; sourceTree = "<group>"; };
		994FBBE22A7FE62800B7FD4B /* Assets.xcassets */ = {isa = PBXFileReference; lastKnownFileType = folder.assetcatalog; path = Assets.xcassets; sourceTree = "<group>"; };
		994FBBE52A7FE62800B7FD4B /* Base */ = {isa = PBXFileReference; lastKnownFileType = file.storyboard; name = Base; path = Base.lproj/LaunchScreen.storyboard; sourceTree = "<group>"; };
		994FBBE72A7FE62800B7FD4B /* Info.plist */ = {isa = PBXFileReference; lastKnownFileType = text.plist.xml; path = Info.plist; sourceTree = "<group>"; };
		994FBBEC2A7FE62800B7FD4B /* RickAndMortyTests.xctest */ = {isa = PBXFileReference; explicitFileType = wrapper.cfbundle; includeInIndex = 0; path = RickAndMortyTests.xctest; sourceTree = BUILT_PRODUCTS_DIR; };
		994FBBF02A7FE62800B7FD4B /* RickAndMortyTests.swift */ = {isa = PBXFileReference; lastKnownFileType = sourcecode.swift; path = RickAndMortyTests.swift; sourceTree = "<group>"; };
		994FBBF62A7FE62800B7FD4B /* RickAndMortyUITests.xctest */ = {isa = PBXFileReference; explicitFileType = wrapper.cfbundle; includeInIndex = 0; path = RickAndMortyUITests.xctest; sourceTree = BUILT_PRODUCTS_DIR; };
		994FBBFA2A7FE62800B7FD4B /* RickAndMortyUITests.swift */ = {isa = PBXFileReference; lastKnownFileType = sourcecode.swift; path = RickAndMortyUITests.swift; sourceTree = "<group>"; };
		994FBBFC2A7FE62800B7FD4B /* RickAndMortyUITestsLaunchTests.swift */ = {isa = PBXFileReference; lastKnownFileType = sourcecode.swift; path = RickAndMortyUITestsLaunchTests.swift; sourceTree = "<group>"; };
		994FBC112A80DE4300B7FD4B /* RMLocation.swift */ = {isa = PBXFileReference; lastKnownFileType = sourcecode.swift; path = RMLocation.swift; sourceTree = "<group>"; };
		994FBC132A80DE9100B7FD4B /* RMCharacter.swift */ = {isa = PBXFileReference; lastKnownFileType = sourcecode.swift; path = RMCharacter.swift; sourceTree = "<group>"; };
		994FBC152A80DEA900B7FD4B /* RMEpisode.swift */ = {isa = PBXFileReference; lastKnownFileType = sourcecode.swift; path = RMEpisode.swift; sourceTree = "<group>"; };
		999984872A84FCBF002B3389 /* RMSettingsViewController.swift */ = {isa = PBXFileReference; lastKnownFileType = sourcecode.swift; path = RMSettingsViewController.swift; sourceTree = "<group>"; };
		99AC51FB2A84FB790026E845 /* RMCharacterViewController.swift */ = {isa = PBXFileReference; lastKnownFileType = sourcecode.swift; path = RMCharacterViewController.swift; sourceTree = "<group>"; };
		99AC51FD2A84FB8B0026E845 /* RMLocationViewController.swift */ = {isa = PBXFileReference; lastKnownFileType = sourcecode.swift; path = RMLocationViewController.swift; sourceTree = "<group>"; };
		99B7C2CC2A84FE7200E60417 /* RMEpisodeViewController.swift */ = {isa = PBXFileReference; fileEncoding = 4; lastKnownFileType = sourcecode.swift; path = RMEpisodeViewController.swift; sourceTree = "<group>"; };
		99B7C2CE2A84FEF400E60417 /* RMTabBarController.swift */ = {isa = PBXFileReference; fileEncoding = 4; lastKnownFileType = sourcecode.swift; path = RMTabBarController.swift; sourceTree = "<group>"; };
		99B7C2D02A850FF000E60417 /* RMService.swift */ = {isa = PBXFileReference; lastKnownFileType = sourcecode.swift; path = RMService.swift; sourceTree = "<group>"; };
		99B7C2D22A85100F00E60417 /* RMRequest.swift */ = {isa = PBXFileReference; lastKnownFileType = sourcecode.swift; path = RMRequest.swift; sourceTree = "<group>"; };
		99B7C2D42A85114200E60417 /* RMEndpoint.swift */ = {isa = PBXFileReference; lastKnownFileType = sourcecode.swift; path = RMEndpoint.swift; sourceTree = "<group>"; };
/* End PBXFileReference section */

/* Begin PBXFrameworksBuildPhase section */
		994FBBD32A7FE62700B7FD4B /* Frameworks */ = {
			isa = PBXFrameworksBuildPhase;
			buildActionMask = 2147483647;
			files = (
			);
			runOnlyForDeploymentPostprocessing = 0;
		};
		994FBBE92A7FE62800B7FD4B /* Frameworks */ = {
			isa = PBXFrameworksBuildPhase;
			buildActionMask = 2147483647;
			files = (
			);
			runOnlyForDeploymentPostprocessing = 0;
		};
		994FBBF32A7FE62800B7FD4B /* Frameworks */ = {
			isa = PBXFrameworksBuildPhase;
			buildActionMask = 2147483647;
			files = (
			);
			runOnlyForDeploymentPostprocessing = 0;
		};
/* End PBXFrameworksBuildPhase section */

/* Begin PBXGroup section */
		994FBBCD2A7FE62700B7FD4B = {
			isa = PBXGroup;
			children = (
				994FBBD82A7FE62700B7FD4B /* RickAndMorty */,
				994FBBEF2A7FE62800B7FD4B /* RickAndMortyTests */,
				994FBBF92A7FE62800B7FD4B /* RickAndMortyUITests */,
				994FBBD72A7FE62700B7FD4B /* Products */,
			);
			sourceTree = "<group>";
		};
		994FBBD72A7FE62700B7FD4B /* Products */ = {
			isa = PBXGroup;
			children = (
				994FBBD62A7FE62700B7FD4B /* RickAndMorty.app */,
				994FBBEC2A7FE62800B7FD4B /* RickAndMortyTests.xctest */,
				994FBBF62A7FE62800B7FD4B /* RickAndMortyUITests.xctest */,
			);
			name = Products;
			sourceTree = "<group>";
		};
		994FBBD82A7FE62700B7FD4B /* RickAndMorty */ = {
			isa = PBXGroup;
			children = (
				994FBC102A80D05B00B7FD4B /* Resources */,
				994FBC0F2A80D05100B7FD4B /* Managers */,
				994FBC0E2A80D03B00B7FD4B /* APIClient */,
				994FBC0C2A80CFFA00B7FD4B /* ViewModels */,
				994FBC0B2A80CFEE00B7FD4B /* Views */,
				994FBC0A2A80CFE100B7FD4B /* Models */,
				994FBC092A80CFC000B7FD4B /* Controllers */,
				994FBBE72A7FE62800B7FD4B /* Info.plist */,
			);
			path = RickAndMorty;
			sourceTree = "<group>";
		};
		994FBBEF2A7FE62800B7FD4B /* RickAndMortyTests */ = {
			isa = PBXGroup;
			children = (
				994FBBF02A7FE62800B7FD4B /* RickAndMortyTests.swift */,
			);
			path = RickAndMortyTests;
			sourceTree = "<group>";
		};
		994FBBF92A7FE62800B7FD4B /* RickAndMortyUITests */ = {
			isa = PBXGroup;
			children = (
				994FBBFA2A7FE62800B7FD4B /* RickAndMortyUITests.swift */,
				994FBBFC2A7FE62800B7FD4B /* RickAndMortyUITestsLaunchTests.swift */,
			);
			path = RickAndMortyUITests;
			sourceTree = "<group>";
		};
		994FBC092A80CFC000B7FD4B /* Controllers */ = {
			isa = PBXGroup;
			children = (
				994FBC172A80DF2500B7FD4B /* Core */,
			);
			path = Controllers;
			sourceTree = "<group>";
		};
		994FBC0A2A80CFE100B7FD4B /* Models */ = {
			isa = PBXGroup;
			children = (
				994FBC112A80DE4300B7FD4B /* RMLocation.swift */,
				994FBC132A80DE9100B7FD4B /* RMCharacter.swift */,
				994FBC152A80DEA900B7FD4B /* RMEpisode.swift */,
			);
			path = Models;
			sourceTree = "<group>";
		};
		994FBC0B2A80CFEE00B7FD4B /* Views */ = {
			isa = PBXGroup;
			children = (
			);
			path = Views;
			sourceTree = "<group>";
		};
		994FBC0C2A80CFFA00B7FD4B /* ViewModels */ = {
			isa = PBXGroup;
			children = (
			);
			path = ViewModels;
			sourceTree = "<group>";
		};
		994FBC0E2A80D03B00B7FD4B /* APIClient */ = {
			isa = PBXGroup;
			children = (
				99B7C2D02A850FF000E60417 /* RMService.swift */,
				99B7C2D22A85100F00E60417 /* RMRequest.swift */,
				99B7C2D42A85114200E60417 /* RMEndpoint.swift */,
			);
			path = APIClient;
			sourceTree = "<group>";
		};
		994FBC0F2A80D05100B7FD4B /* Managers */ = {
			isa = PBXGroup;
			children = (
			);
			path = Managers;
			sourceTree = "<group>";
		};
		994FBC102A80D05B00B7FD4B /* Resources */ = {
			isa = PBXGroup;
			children = (
				994FBBE22A7FE62800B7FD4B /* Assets.xcassets */,
				994FBBE42A7FE62800B7FD4B /* LaunchScreen.storyboard */,
				994FBBD92A7FE62700B7FD4B /* AppDelegate.swift */,
				994FBBDB2A7FE62700B7FD4B /* SceneDelegate.swift */,
			);
			path = Resources;
			sourceTree = "<group>";
		};
		994FBC172A80DF2500B7FD4B /* Core */ = {
			isa = PBXGroup;
			children = (
				99B7C2CE2A84FEF400E60417 /* RMTabBarController.swift */,
				99AC51FB2A84FB790026E845 /* RMCharacterViewController.swift */,
				99AC51FD2A84FB8B0026E845 /* RMLocationViewController.swift */,
				99B7C2CC2A84FE7200E60417 /* RMEpisodeViewController.swift */,
				999984872A84FCBF002B3389 /* RMSettingsViewController.swift */,
			);
			path = Core;
			sourceTree = "<group>";
		};
/* End PBXGroup section */

/* Begin PBXNativeTarget section */
		994FBBD52A7FE62700B7FD4B /* RickAndMorty */ = {
			isa = PBXNativeTarget;
			buildConfigurationList = 994FBC002A7FE62800B7FD4B /* Build configuration list for PBXNativeTarget "RickAndMorty" */;
			buildPhases = (
				994FBBD22A7FE62700B7FD4B /* Sources */,
				994FBBD32A7FE62700B7FD4B /* Frameworks */,
				994FBBD42A7FE62700B7FD4B /* Resources */,
			);
			buildRules = (
			);
			dependencies = (
			);
			name = RickAndMorty;
			productName = RickAndMorty;
			productReference = 994FBBD62A7FE62700B7FD4B /* RickAndMorty.app */;
			productType = "com.apple.product-type.application";
		};
		994FBBEB2A7FE62800B7FD4B /* RickAndMortyTests */ = {
			isa = PBXNativeTarget;
			buildConfigurationList = 994FBC032A7FE62800B7FD4B /* Build configuration list for PBXNativeTarget "RickAndMortyTests" */;
			buildPhases = (
				994FBBE82A7FE62800B7FD4B /* Sources */,
				994FBBE92A7FE62800B7FD4B /* Frameworks */,
				994FBBEA2A7FE62800B7FD4B /* Resources */,
			);
			buildRules = (
			);
			dependencies = (
				994FBBEE2A7FE62800B7FD4B /* PBXTargetDependency */,
			);
			name = RickAndMortyTests;
			productName = RickAndMortyTests;
			productReference = 994FBBEC2A7FE62800B7FD4B /* RickAndMortyTests.xctest */;
			productType = "com.apple.product-type.bundle.unit-test";
		};
		994FBBF52A7FE62800B7FD4B /* RickAndMortyUITests */ = {
			isa = PBXNativeTarget;
			buildConfigurationList = 994FBC062A7FE62800B7FD4B /* Build configuration list for PBXNativeTarget "RickAndMortyUITests" */;
			buildPhases = (
				994FBBF22A7FE62800B7FD4B /* Sources */,
				994FBBF32A7FE62800B7FD4B /* Frameworks */,
				994FBBF42A7FE62800B7FD4B /* Resources */,
			);
			buildRules = (
			);
			dependencies = (
				994FBBF82A7FE62800B7FD4B /* PBXTargetDependency */,
			);
			name = RickAndMortyUITests;
			productName = RickAndMortyUITests;
			productReference = 994FBBF62A7FE62800B7FD4B /* RickAndMortyUITests.xctest */;
			productType = "com.apple.product-type.bundle.ui-testing";
		};
/* End PBXNativeTarget section */

/* Begin PBXProject section */
		994FBBCE2A7FE62700B7FD4B /* Project object */ = {
			isa = PBXProject;
			attributes = {
				BuildIndependentTargetsInParallel = 1;
				LastSwiftUpdateCheck = 1500;
				LastUpgradeCheck = 1500;
				TargetAttributes = {
					994FBBD52A7FE62700B7FD4B = {
						CreatedOnToolsVersion = 15.0;
					};
					994FBBEB2A7FE62800B7FD4B = {
						CreatedOnToolsVersion = 15.0;
						TestTargetID = 994FBBD52A7FE62700B7FD4B;
					};
					994FBBF52A7FE62800B7FD4B = {
						CreatedOnToolsVersion = 15.0;
						TestTargetID = 994FBBD52A7FE62700B7FD4B;
					};
				};
			};
			buildConfigurationList = 994FBBD12A7FE62700B7FD4B /* Build configuration list for PBXProject "RickAndMorty" */;
			compatibilityVersion = "Xcode 14.0";
			developmentRegion = en;
			hasScannedForEncodings = 0;
			knownRegions = (
				en,
				Base,
			);
			mainGroup = 994FBBCD2A7FE62700B7FD4B;
			productRefGroup = 994FBBD72A7FE62700B7FD4B /* Products */;
			projectDirPath = "";
			projectRoot = "";
			targets = (
				994FBBD52A7FE62700B7FD4B /* RickAndMorty */,
				994FBBEB2A7FE62800B7FD4B /* RickAndMortyTests */,
				994FBBF52A7FE62800B7FD4B /* RickAndMortyUITests */,
			);
		};
/* End PBXProject section */

/* Begin PBXResourcesBuildPhase section */
		994FBBD42A7FE62700B7FD4B /* Resources */ = {
			isa = PBXResourcesBuildPhase;
			buildActionMask = 2147483647;
			files = (
				994FBBE62A7FE62800B7FD4B /* LaunchScreen.storyboard in Resources */,
				994FBBE32A7FE62800B7FD4B /* Assets.xcassets in Resources */,
			);
			runOnlyForDeploymentPostprocessing = 0;
		};
		994FBBEA2A7FE62800B7FD4B /* Resources */ = {
			isa = PBXResourcesBuildPhase;
			buildActionMask = 2147483647;
			files = (
			);
			runOnlyForDeploymentPostprocessing = 0;
		};
		994FBBF42A7FE62800B7FD4B /* Resources */ = {
			isa = PBXResourcesBuildPhase;
			buildActionMask = 2147483647;
			files = (
			);
			runOnlyForDeploymentPostprocessing = 0;
		};
/* End PBXResourcesBuildPhase section */

/* Begin PBXSourcesBuildPhase section */
		994FBBD22A7FE62700B7FD4B /* Sources */ = {
			isa = PBXSourcesBuildPhase;
			buildActionMask = 2147483647;
			files = (
				999984882A84FCBF002B3389 /* RMSettingsViewController.swift in Sources */,
				99AC51FE2A84FB8B0026E845 /* RMLocationViewController.swift in Sources */,
				994FBC162A80DEA900B7FD4B /* RMEpisode.swift in Sources */,
				99B7C2CD2A84FE7200E60417 /* RMEpisodeViewController.swift in Sources */,
				994FBBDA2A7FE62700B7FD4B /* AppDelegate.swift in Sources */,
				994FBBDC2A7FE62700B7FD4B /* SceneDelegate.swift in Sources */,
				99B7C2CF2A84FEF400E60417 /* RMTabBarController.swift in Sources */,
				99B7C2D12A850FF000E60417 /* RMService.swift in Sources */,
				994FBC122A80DE4300B7FD4B /* RMLocation.swift in Sources */,
				99B7C2D52A85114200E60417 /* RMEndpoint.swift in Sources */,
				994FBC142A80DE9100B7FD4B /* RMCharacter.swift in Sources */,
				99B7C2D32A85100F00E60417 /* RMRequest.swift in Sources */,
				99AC51FC2A84FB790026E845 /* RMCharacterViewController.swift in Sources */,
			);
			runOnlyForDeploymentPostprocessing = 0;
		};
		994FBBE82A7FE62800B7FD4B /* Sources */ = {
			isa = PBXSourcesBuildPhase;
			buildActionMask = 2147483647;
			files = (
				994FBBF12A7FE62800B7FD4B /* RickAndMortyTests.swift in Sources */,
			);
			runOnlyForDeploymentPostprocessing = 0;
		};
		994FBBF22A7FE62800B7FD4B /* Sources */ = {
			isa = PBXSourcesBuildPhase;
			buildActionMask = 2147483647;
			files = (
				994FBBFB2A7FE62800B7FD4B /* RickAndMortyUITests.swift in Sources */,
				994FBBFD2A7FE62800B7FD4B /* RickAndMortyUITestsLaunchTests.swift in Sources */,
			);
			runOnlyForDeploymentPostprocessing = 0;
		};
/* End PBXSourcesBuildPhase section */

/* Begin PBXTargetDependency section */
		994FBBEE2A7FE62800B7FD4B /* PBXTargetDependency */ = {
			isa = PBXTargetDependency;
			target = 994FBBD52A7FE62700B7FD4B /* RickAndMorty */;
			targetProxy = 994FBBED2A7FE62800B7FD4B /* PBXContainerItemProxy */;
		};
		994FBBF82A7FE62800B7FD4B /* PBXTargetDependency */ = {
			isa = PBXTargetDependency;
			target = 994FBBD52A7FE62700B7FD4B /* RickAndMorty */;
			targetProxy = 994FBBF72A7FE62800B7FD4B /* PBXContainerItemProxy */;
		};
/* End PBXTargetDependency section */

/* Begin PBXVariantGroup section */
		994FBBE42A7FE62800B7FD4B /* LaunchScreen.storyboard */ = {
			isa = PBXVariantGroup;
			children = (
				994FBBE52A7FE62800B7FD4B /* Base */,
			);
			name = LaunchScreen.storyboard;
			sourceTree = "<group>";
		};
/* End PBXVariantGroup section */

/* Begin XCBuildConfiguration section */
		994FBBFE2A7FE62800B7FD4B /* Debug */ = {
			isa = XCBuildConfiguration;
			buildSettings = {
				ALWAYS_SEARCH_USER_PATHS = NO;
				ASSETCATALOG_COMPILER_GENERATE_SWIFT_ASSET_SYMBOL_EXTENSIONS = YES;
				CLANG_ANALYZER_NONNULL = YES;
				CLANG_ANALYZER_NUMBER_OBJECT_CONVERSION = YES_AGGRESSIVE;
				CLANG_CXX_LANGUAGE_STANDARD = "gnu++20";
				CLANG_ENABLE_MODULES = YES;
				CLANG_ENABLE_OBJC_ARC = YES;
				CLANG_ENABLE_OBJC_WEAK = YES;
				CLANG_WARN_BLOCK_CAPTURE_AUTORELEASING = YES;
				CLANG_WARN_BOOL_CONVERSION = YES;
				CLANG_WARN_COMMA = YES;
				CLANG_WARN_CONSTANT_CONVERSION = YES;
				CLANG_WARN_DEPRECATED_OBJC_IMPLEMENTATIONS = YES;
				CLANG_WARN_DIRECT_OBJC_ISA_USAGE = YES_ERROR;
				CLANG_WARN_DOCUMENTATION_COMMENTS = YES;
				CLANG_WARN_EMPTY_BODY = YES;
				CLANG_WARN_ENUM_CONVERSION = YES;
				CLANG_WARN_INFINITE_RECURSION = YES;
				CLANG_WARN_INT_CONVERSION = YES;
				CLANG_WARN_NON_LITERAL_NULL_CONVERSION = YES;
				CLANG_WARN_OBJC_IMPLICIT_RETAIN_SELF = YES;
				CLANG_WARN_OBJC_LITERAL_CONVERSION = YES;
				CLANG_WARN_OBJC_ROOT_CLASS = YES_ERROR;
				CLANG_WARN_QUOTED_INCLUDE_IN_FRAMEWORK_HEADER = YES;
				CLANG_WARN_RANGE_LOOP_ANALYSIS = YES;
				CLANG_WARN_STRICT_PROTOTYPES = YES;
				CLANG_WARN_SUSPICIOUS_MOVE = YES;
				CLANG_WARN_UNGUARDED_AVAILABILITY = YES_AGGRESSIVE;
				CLANG_WARN_UNREACHABLE_CODE = YES;
				CLANG_WARN__DUPLICATE_METHOD_MATCH = YES;
				COPY_PHASE_STRIP = NO;
				DEBUG_INFORMATION_FORMAT = dwarf;
				ENABLE_STRICT_OBJC_MSGSEND = YES;
				ENABLE_TESTABILITY = YES;
				ENABLE_USER_SCRIPT_SANDBOXING = YES;
				GCC_C_LANGUAGE_STANDARD = gnu17;
				GCC_DYNAMIC_NO_PIC = NO;
				GCC_NO_COMMON_BLOCKS = YES;
				GCC_OPTIMIZATION_LEVEL = 0;
				GCC_PREPROCESSOR_DEFINITIONS = (
					"DEBUG=1",
					"$(inherited)",
				);
				GCC_WARN_64_TO_32_BIT_CONVERSION = YES;
				GCC_WARN_ABOUT_RETURN_TYPE = YES_ERROR;
				GCC_WARN_UNDECLARED_SELECTOR = YES;
				GCC_WARN_UNINITIALIZED_AUTOS = YES_AGGRESSIVE;
				GCC_WARN_UNUSED_FUNCTION = YES;
				GCC_WARN_UNUSED_VARIABLE = YES;
				IPHONEOS_DEPLOYMENT_TARGET = 17.0;
				LOCALIZATION_PREFERS_STRING_CATALOGS = YES;
				MTL_ENABLE_DEBUG_INFO = INCLUDE_SOURCE;
				MTL_FAST_MATH = YES;
				ONLY_ACTIVE_ARCH = YES;
				SDKROOT = iphoneos;
				SWIFT_ACTIVE_COMPILATION_CONDITIONS = "DEBUG $(inherited)";
				SWIFT_OPTIMIZATION_LEVEL = "-Onone";
			};
			name = Debug;
		};
		994FBBFF2A7FE62800B7FD4B /* Release */ = {
			isa = XCBuildConfiguration;
			buildSettings = {
				ALWAYS_SEARCH_USER_PATHS = NO;
				ASSETCATALOG_COMPILER_GENERATE_SWIFT_ASSET_SYMBOL_EXTENSIONS = YES;
				CLANG_ANALYZER_NONNULL = YES;
				CLANG_ANALYZER_NUMBER_OBJECT_CONVERSION = YES_AGGRESSIVE;
				CLANG_CXX_LANGUAGE_STANDARD = "gnu++20";
				CLANG_ENABLE_MODULES = YES;
				CLANG_ENABLE_OBJC_ARC = YES;
				CLANG_ENABLE_OBJC_WEAK = YES;
				CLANG_WARN_BLOCK_CAPTURE_AUTORELEASING = YES;
				CLANG_WARN_BOOL_CONVERSION = YES;
				CLANG_WARN_COMMA = YES;
				CLANG_WARN_CONSTANT_CONVERSION = YES;
				CLANG_WARN_DEPRECATED_OBJC_IMPLEMENTATIONS = YES;
				CLANG_WARN_DIRECT_OBJC_ISA_USAGE = YES_ERROR;
				CLANG_WARN_DOCUMENTATION_COMMENTS = YES;
				CLANG_WARN_EMPTY_BODY = YES;
				CLANG_WARN_ENUM_CONVERSION = YES;
				CLANG_WARN_INFINITE_RECURSION = YES;
				CLANG_WARN_INT_CONVERSION = YES;
				CLANG_WARN_NON_LITERAL_NULL_CONVERSION = YES;
				CLANG_WARN_OBJC_IMPLICIT_RETAIN_SELF = YES;
				CLANG_WARN_OBJC_LITERAL_CONVERSION = YES;
				CLANG_WARN_OBJC_ROOT_CLASS = YES_ERROR;
				CLANG_WARN_QUOTED_INCLUDE_IN_FRAMEWORK_HEADER = YES;
				CLANG_WARN_RANGE_LOOP_ANALYSIS = YES;
				CLANG_WARN_STRICT_PROTOTYPES = YES;
				CLANG_WARN_SUSPICIOUS_MOVE = YES;
				CLANG_WARN_UNGUARDED_AVAILABILITY = YES_AGGRESSIVE;
				CLANG_WARN_UNREACHABLE_CODE = YES;
				CLANG_WARN__DUPLICATE_METHOD_MATCH = YES;
				COPY_PHASE_STRIP = NO;
				DEBUG_INFORMATION_FORMAT = "dwarf-with-dsym";
				ENABLE_NS_ASSERTIONS = NO;
				ENABLE_STRICT_OBJC_MSGSEND = YES;
				ENABLE_USER_SCRIPT_SANDBOXING = YES;
				GCC_C_LANGUAGE_STANDARD = gnu17;
				GCC_NO_COMMON_BLOCKS = YES;
				GCC_WARN_64_TO_32_BIT_CONVERSION = YES;
				GCC_WARN_ABOUT_RETURN_TYPE = YES_ERROR;
				GCC_WARN_UNDECLARED_SELECTOR = YES;
				GCC_WARN_UNINITIALIZED_AUTOS = YES_AGGRESSIVE;
				GCC_WARN_UNUSED_FUNCTION = YES;
				GCC_WARN_UNUSED_VARIABLE = YES;
				IPHONEOS_DEPLOYMENT_TARGET = 17.0;
				LOCALIZATION_PREFERS_STRING_CATALOGS = YES;
				MTL_ENABLE_DEBUG_INFO = NO;
				MTL_FAST_MATH = YES;
				SDKROOT = iphoneos;
				SWIFT_COMPILATION_MODE = wholemodule;
				VALIDATE_PRODUCT = YES;
			};
			name = Release;
		};
		994FBC012A7FE62800B7FD4B /* Debug */ = {
			isa = XCBuildConfiguration;
			buildSettings = {
				ASSETCATALOG_COMPILER_APPICON_NAME = AppIcon;
				ASSETCATALOG_COMPILER_GLOBAL_ACCENT_COLOR_NAME = AccentColor;
				CODE_SIGN_STYLE = Automatic;
				CURRENT_PROJECT_VERSION = 1;
				DEVELOPMENT_TEAM = 7259NTZA8U;
				GENERATE_INFOPLIST_FILE = YES;
				INFOPLIST_FILE = RickAndMorty/Info.plist;
				INFOPLIST_KEY_UIApplicationSupportsIndirectInputEvents = YES;
				INFOPLIST_KEY_UILaunchStoryboardName = LaunchScreen;
				INFOPLIST_KEY_UISupportedInterfaceOrientations_iPad = "UIInterfaceOrientationPortrait UIInterfaceOrientationPortraitUpsideDown UIInterfaceOrientationLandscapeLeft UIInterfaceOrientationLandscapeRight";
				INFOPLIST_KEY_UISupportedInterfaceOrientations_iPhone = "UIInterfaceOrientationPortrait UIInterfaceOrientationLandscapeLeft UIInterfaceOrientationLandscapeRight";
				LD_RUNPATH_SEARCH_PATHS = (
					"$(inherited)",
					"@executable_path/Frameworks",
				);
				MARKETING_VERSION = 1.0;
				PRODUCT_BUNDLE_IDENTIFIER = brian.RickAndMorty;
				PRODUCT_NAME = "$(TARGET_NAME)";
				SWIFT_EMIT_LOC_STRINGS = YES;
				SWIFT_VERSION = 5.0;
				TARGETED_DEVICE_FAMILY = "1,2";
			};
			name = Debug;
		};
		994FBC022A7FE62800B7FD4B /* Release */ = {
			isa = XCBuildConfiguration;
			buildSettings = {
				ASSETCATALOG_COMPILER_APPICON_NAME = AppIcon;
				ASSETCATALOG_COMPILER_GLOBAL_ACCENT_COLOR_NAME = AccentColor;
				CODE_SIGN_STYLE = Automatic;
				CURRENT_PROJECT_VERSION = 1;
				DEVELOPMENT_TEAM = 7259NTZA8U;
				GENERATE_INFOPLIST_FILE = YES;
				INFOPLIST_FILE = RickAndMorty/Info.plist;
				INFOPLIST_KEY_UIApplicationSupportsIndirectInputEvents = YES;
				INFOPLIST_KEY_UILaunchStoryboardName = LaunchScreen;
				INFOPLIST_KEY_UISupportedInterfaceOrientations_iPad = "UIInterfaceOrientationPortrait UIInterfaceOrientationPortraitUpsideDown UIInterfaceOrientationLandscapeLeft UIInterfaceOrientationLandscapeRight";
				INFOPLIST_KEY_UISupportedInterfaceOrientations_iPhone = "UIInterfaceOrientationPortrait UIInterfaceOrientationLandscapeLeft UIInterfaceOrientationLandscapeRight";
				LD_RUNPATH_SEARCH_PATHS = (
					"$(inherited)",
					"@executable_path/Frameworks",
				);
				MARKETING_VERSION = 1.0;
				PRODUCT_BUNDLE_IDENTIFIER = brian.RickAndMorty;
				PRODUCT_NAME = "$(TARGET_NAME)";
				SWIFT_EMIT_LOC_STRINGS = YES;
				SWIFT_VERSION = 5.0;
				TARGETED_DEVICE_FAMILY = "1,2";
			};
			name = Release;
		};
		994FBC042A7FE62800B7FD4B /* Debug */ = {
			isa = XCBuildConfiguration;
			buildSettings = {
				ALWAYS_EMBED_SWIFT_STANDARD_LIBRARIES = YES;
				BUNDLE_LOADER = "$(TEST_HOST)";
				CODE_SIGN_STYLE = Automatic;
				CURRENT_PROJECT_VERSION = 1;
				DEVELOPMENT_TEAM = 7259NTZA8U;
				GENERATE_INFOPLIST_FILE = YES;
				IPHONEOS_DEPLOYMENT_TARGET = 17.0;
				MARKETING_VERSION = 1.0;
				PRODUCT_BUNDLE_IDENTIFIER = brian.RickAndMortyTests;
				PRODUCT_NAME = "$(TARGET_NAME)";
				SWIFT_EMIT_LOC_STRINGS = NO;
				SWIFT_VERSION = 5.0;
				TARGETED_DEVICE_FAMILY = "1,2";
				TEST_HOST = "$(BUILT_PRODUCTS_DIR)/RickAndMorty.app/$(BUNDLE_EXECUTABLE_FOLDER_PATH)/RickAndMorty";
			};
			name = Debug;
		};
		994FBC052A7FE62800B7FD4B /* Release */ = {
			isa = XCBuildConfiguration;
			buildSettings = {
				ALWAYS_EMBED_SWIFT_STANDARD_LIBRARIES = YES;
				BUNDLE_LOADER = "$(TEST_HOST)";
				CODE_SIGN_STYLE = Automatic;
				CURRENT_PROJECT_VERSION = 1;
				DEVELOPMENT_TEAM = 7259NTZA8U;
				GENERATE_INFOPLIST_FILE = YES;
				IPHONEOS_DEPLOYMENT_TARGET = 17.0;
				MARKETING_VERSION = 1.0;
				PRODUCT_BUNDLE_IDENTIFIER = brian.RickAndMortyTests;
				PRODUCT_NAME = "$(TARGET_NAME)";
				SWIFT_EMIT_LOC_STRINGS = NO;
				SWIFT_VERSION = 5.0;
				TARGETED_DEVICE_FAMILY = "1,2";
				TEST_HOST = "$(BUILT_PRODUCTS_DIR)/RickAndMorty.app/$(BUNDLE_EXECUTABLE_FOLDER_PATH)/RickAndMorty";
			};
			name = Release;
		};
		994FBC072A7FE62800B7FD4B /* Debug */ = {
			isa = XCBuildConfiguration;
			buildSettings = {
				ALWAYS_EMBED_SWIFT_STANDARD_LIBRARIES = YES;
				CODE_SIGN_STYLE = Automatic;
				CURRENT_PROJECT_VERSION = 1;
				DEVELOPMENT_TEAM = 7259NTZA8U;
				GENERATE_INFOPLIST_FILE = YES;
				MARKETING_VERSION = 1.0;
				PRODUCT_BUNDLE_IDENTIFIER = brian.RickAndMortyUITests;
				PRODUCT_NAME = "$(TARGET_NAME)";
				SWIFT_EMIT_LOC_STRINGS = NO;
				SWIFT_VERSION = 5.0;
				TARGETED_DEVICE_FAMILY = "1,2";
				TEST_TARGET_NAME = RickAndMorty;
			};
			name = Debug;
		};
		994FBC082A7FE62800B7FD4B /* Release */ = {
			isa = XCBuildConfiguration;
			buildSettings = {
				ALWAYS_EMBED_SWIFT_STANDARD_LIBRARIES = YES;
				CODE_SIGN_STYLE = Automatic;
				CURRENT_PROJECT_VERSION = 1;
				DEVELOPMENT_TEAM = 7259NTZA8U;
				GENERATE_INFOPLIST_FILE = YES;
				MARKETING_VERSION = 1.0;
				PRODUCT_BUNDLE_IDENTIFIER = brian.RickAndMortyUITests;
				PRODUCT_NAME = "$(TARGET_NAME)";
				SWIFT_EMIT_LOC_STRINGS = NO;
				SWIFT_VERSION = 5.0;
				TARGETED_DEVICE_FAMILY = "1,2";
				TEST_TARGET_NAME = RickAndMorty;
			};
			name = Release;
		};
/* End XCBuildConfiguration section */

/* Begin XCConfigurationList section */
		994FBBD12A7FE62700B7FD4B /* Build configuration list for PBXProject "RickAndMorty" */ = {
			isa = XCConfigurationList;
			buildConfigurations = (
				994FBBFE2A7FE62800B7FD4B /* Debug */,
				994FBBFF2A7FE62800B7FD4B /* Release */,
			);
			defaultConfigurationIsVisible = 0;
			defaultConfigurationName = Release;
		};
		994FBC002A7FE62800B7FD4B /* Build configuration list for PBXNativeTarget "RickAndMorty" */ = {
			isa = XCConfigurationList;
			buildConfigurations = (
				994FBC012A7FE62800B7FD4B /* Debug */,
				994FBC022A7FE62800B7FD4B /* Release */,
			);
			defaultConfigurationIsVisible = 0;
			defaultConfigurationName = Release;
		};
		994FBC032A7FE62800B7FD4B /* Build configuration list for PBXNativeTarget "RickAndMortyTests" */ = {
			isa = XCConfigurationList;
			buildConfigurations = (
				994FBC042A7FE62800B7FD4B /* Debug */,
				994FBC052A7FE62800B7FD4B /* Release */,
			);
			defaultConfigurationIsVisible = 0;
			defaultConfigurationName = Release;
		};
		994FBC062A7FE62800B7FD4B /* Build configuration list for PBXNativeTarget "RickAndMortyUITests" */ = {
			isa = XCConfigurationList;
			buildConfigurations = (
				994FBC072A7FE62800B7FD4B /* Debug */,
				994FBC082A7FE62800B7FD4B /* Release */,
			);
			defaultConfigurationIsVisible = 0;
			defaultConfigurationName = Release;
		};
/* End XCConfigurationList section */
	};
	rootObject = 994FBBCE2A7FE62700B7FD4B /* Project object */;
}
